
Microsoft Visual Studio Solution File, Format Version 12.00
# Visual Studio 2013
VisualStudioVersion = 12.0.30501.0
MinimumVisualStudioVersion = 10.0.40219.1
Project("{FAE04EC0-301F-11D3-BF4B-00C04F79EFBC}") = "Lab4", "Lab4\Lab4.csproj", "{96CC88DD-A58A-428C-94ED-11E7BA1BFADD}"
EndProject
Project("{FAE04EC0-301F-11D3-BF4B-00C04F79EFBC}") = "Lab4.Tests", "Lab4.Tests\Lab4.Tests.csproj", "{72ACCEBF-3A50-43FB-A834-543374C66B82}"
EndProject
Global
	GlobalSection(SolutionConfigurationPlatforms) = preSolution
		Debug|Any CPU = Debug|Any CPU
		Release|Any CPU = Release|Any CPU
	EndGlobalSection
	GlobalSection(ProjectConfigurationPlatforms) = postSolution
		{96CC88DD-A58A-428C-94ED-11E7BA1BFADD}.Debug|Any CPU.ActiveCfg = Debug|Any CPU
		{96CC88DD-A58A-428C-94ED-11E7BA1BFADD}.Debug|Any CPU.Build.0 = Debug|Any CPU
		{96CC88DD-A58A-428C-94ED-11E7BA1BFADD}.Release|Any CPU.ActiveCfg = Release|Any CPU
		{96CC88DD-A58A-428C-94ED-11E7BA1BFADD}.Release|Any CPU.Build.0 = Release|Any CPU
		{72ACCEBF-3A50-43FB-A834-543374C66B82}.Debug|Any CPU.ActiveCfg = Debug|Any CPU
		{72ACCEBF-3A50-43FB-A834-543374C66B82}.Debug|Any CPU.Build.0 = Debug|Any CPU
		{72ACCEBF-3A50-43FB-A834-543374C66B82}.Release|Any CPU.ActiveCfg = Release|Any CPU
		{72ACCEBF-3A50-43FB-A834-543374C66B82}.Release|Any CPU.Build.0 = Release|Any CPU
	EndGlobalSection
	GlobalSection(SolutionProperties) = preSolution
		HideSolutionNode = FALSE
	EndGlobalSection
EndGlobal
